Microsoft Visual Studio Solution File, Format Version 12.00
# Visual Studio Version 17
VisualStudioVersion = 17.0.31903.59
MinimumVisualStudioVersion = 10.0.40219.1
Project("{FAE04EC0-301F-11D3-BF4B-00C04F79EFBC}") = "Api", "backend\PolyBucket.Api\Api.csproj", "{B8DC0370-2F7B-48FE-A8BB-3028851265D2}"
EndProject
Project("{FAE04EC0-301F-11D3-BF4B-00C04F79EFBC}") = "Plugins", "backend\PolyBucket.Plugins\PolyBucket.Plugins\Plugins.csproj", "{C9AADE04-74D6-46EC-8E1C-01D2BD8B70D9}"
EndProject
Project("{FAE04EC0-301F-11D3-BF4B-00C04F79EFBC}") = "Tests", "backend\PolyBucket.Tests\Tests.csproj", "{C872FE71-1941-4A2D-B95F-5B782925255D}"
EndProject
Global
	GlobalSection(SolutionConfigurationPlatforms) = preSolution
		Debug|Any CPU = Debug|Any CPU
		Release|Any CPU = Release|Any CPU
	EndGlobalSection
	GlobalSection(ProjectConfigurationPlatforms) = postSolution
		{B8DC0370-2F7B-48FE-A8BB-3028851265D2}.Debug|Any CPU.ActiveCfg = Debug|Any CPU
		{B8DC0370-2F7B-48FE-A8BB-3028851265D2}.Debug|Any CPU.Build.0 = Debug|Any CPU
		{B8DC0370-2F7B-48FE-A8BB-3028851265D2}.Release|Any CPU.ActiveCfg = Release|Any CPU
		{B8DC0370-2F7B-48FE-A8BB-3028851265D2}.Release|Any CPU.Build.0 = Release|Any CPU
		{C9AADE04-74D6-46EC-8E1C-01D2BD8B70D9}.Debug|Any CPU.ActiveCfg = Debug|Any CPU
		{C9AADE04-74D6-46EC-8E1C-01D2BD8B70D9}.Debug|Any CPU.Build.0 = Debug|Any CPU
		{C9AADE04-74D6-46EC-8E1C-01D2BD8B70D9}.Release|Any CPU.ActiveCfg = Release|Any CPU
		{C9AADE04-74D6-46EC-8E1C-01D2BD8B70D9}.Release|Any CPU.Build.0 = Release|Any CPU
		{C872FE71-1941-4A2D-B95F-5B782925255D}.Debug|Any CPU.ActiveCfg = Debug|Any CPU
		{C872FE71-1941-4A2D-B95F-5B782925255D}.Debug|Any CPU.Build.0 = Debug|Any CPU
		{C872FE71-1941-4A2D-B95F-5B782925255D}.Release|Any CPU.ActiveCfg = Release|Any CPU
		{C872FE71-1941-4A2D-B95F-5B782925255D}.Release|Any CPU.Build.0 = Release|Any CPU
	EndGlobalSection
	GlobalSection(SolutionProperties) = preSolution
		HideSolutionNode = FALSE
	EndGlobalSection
EndGlobal
