
Microsoft Visual Studio Solution File, Format Version 12.00
# Visual Studio Version 17
VisualStudioVersion = 17.9.34728.123
MinimumVisualStudioVersion = 10.0.40219.1
Project("{9A19103F-16F7-4668-BE54-9A1E7A4F7556}") = "Api", "api\Api.csproj", "{A42E0202-5E14-4AEA-8BD3-3B13DF800E58}"
EndProject
Project("{2150E333-8FDC-42A3-9474-1A3956D46DE8}") = "Presentation", "Presentation", "{FF28B39A-6074-4F9C-8548-1EEEECC5A2F8}"
EndProject
Project("{2150E333-8FDC-42A3-9474-1A3956D46DE8}") = "Tests", "Tests", "{213A2FB8-FFF8-4093-8ABD-0E51E51E1BAE}"
EndProject
Project("{2150E333-8FDC-42A3-9474-1A3956D46DE8}") = "Business", "Business", "{F653FC56-6BD2-4EE8-9B75-84041B07274E}"
EndProject
Project("{2150E333-8FDC-42A3-9474-1A3956D46DE8}") = "Infrastructure", "Infrastructure", "{F54FE362-B328-4442-B50D-2B62798E17AD}"
EndProject
Project("{9A19103F-16F7-4668-BE54-9A1E7A4F7556}") = "Conductors", "Conductors\Conductors.csproj", "{E21BF50A-015C-42A9-8F2C-7979EDF9C29B}"
EndProject
Project("{9A19103F-16F7-4668-BE54-9A1E7A4F7556}") = "Core", "Core\Core.csproj", "{EA7B9DE6-5D7C-4C79-975E-6BB0E8C9171D}"
EndProject
Project("{9A19103F-16F7-4668-BE54-9A1E7A4F7556}") = "Database", "Database\Database.csproj", "{AFABC7D6-E78D-4A60-B82E-A45859113E8A}"
EndProject
Project("{FAE04EC0-301F-11D3-BF4B-00C04F79EFBC}") = "Tests", "Tests\Tests.csproj", "{522E0935-29EF-494C-9400-786AEA12628D}"
EndProject
Project("{2150E333-8FDC-42A3-9474-1A3956D46DE8}") = "Solution Items", "Solution Items", "{33E83C0E-7CD9-4B75-B0F9-DBA732A932A7}"
	ProjectSection(SolutionItems) = preProject
		.editorconfig = .editorconfig
	EndProjectSection
EndProject
Global
	GlobalSection(SolutionConfigurationPlatforms) = preSolution
		Debug|Any CPU = Debug|Any CPU
		Release|Any CPU = Release|Any CPU
	EndGlobalSection
	GlobalSection(ProjectConfigurationPlatforms) = postSolution
		{A42E0202-5E14-4AEA-8BD3-3B13DF800E58}.Debug|Any CPU.ActiveCfg = Debug|Any CPU
		{A42E0202-5E14-4AEA-8BD3-3B13DF800E58}.Debug|Any CPU.Build.0 = Debug|Any CPU
		{A42E0202-5E14-4AEA-8BD3-3B13DF800E58}.Release|Any CPU.ActiveCfg = Release|Any CPU
		{A42E0202-5E14-4AEA-8BD3-3B13DF800E58}.Release|Any CPU.Build.0 = Release|Any CPU
		{E21BF50A-015C-42A9-8F2C-7979EDF9C29B}.Debug|Any CPU.ActiveCfg = Debug|Any CPU
		{E21BF50A-015C-42A9-8F2C-7979EDF9C29B}.Debug|Any CPU.Build.0 = Debug|Any CPU
		{E21BF50A-015C-42A9-8F2C-7979EDF9C29B}.Release|Any CPU.ActiveCfg = Release|Any CPU
		{E21BF50A-015C-42A9-8F2C-7979EDF9C29B}.Release|Any CPU.Build.0 = Release|Any CPU
		{EA7B9DE6-5D7C-4C79-975E-6BB0E8C9171D}.Debug|Any CPU.ActiveCfg = Debug|Any CPU
		{EA7B9DE6-5D7C-4C79-975E-6BB0E8C9171D}.Debug|Any CPU.Build.0 = Debug|Any CPU
		{EA7B9DE6-5D7C-4C79-975E-6BB0E8C9171D}.Release|Any CPU.ActiveCfg = Release|Any CPU
		{EA7B9DE6-5D7C-4C79-975E-6BB0E8C9171D}.Release|Any CPU.Build.0 = Release|Any CPU
		{AFABC7D6-E78D-4A60-B82E-A45859113E8A}.Debug|Any CPU.ActiveCfg = Debug|Any CPU
		{AFABC7D6-E78D-4A60-B82E-A45859113E8A}.Debug|Any CPU.Build.0 = Debug|Any CPU
		{AFABC7D6-E78D-4A60-B82E-A45859113E8A}.Release|Any CPU.ActiveCfg = Release|Any CPU
		{AFABC7D6-E78D-4A60-B82E-A45859113E8A}.Release|Any CPU.Build.0 = Release|Any CPU
		{522E0935-29EF-494C-9400-786AEA12628D}.Debug|Any CPU.ActiveCfg = Debug|Any CPU
		{522E0935-29EF-494C-9400-786AEA12628D}.Debug|Any CPU.Build.0 = Debug|Any CPU
		{522E0935-29EF-494C-9400-786AEA12628D}.Release|Any CPU.ActiveCfg = Release|Any CPU
		{522E0935-29EF-494C-9400-786AEA12628D}.Release|Any CPU.Build.0 = Release|Any CPU
	EndGlobalSection
	GlobalSection(SolutionProperties) = preSolution
		HideSolutionNode = FALSE
	EndGlobalSection
	GlobalSection(NestedProjects) = preSolution
		{A42E0202-5E14-4AEA-8BD3-3B13DF800E58} = {FF28B39A-6074-4F9C-8548-1EEEECC5A2F8}
		{E21BF50A-015C-42A9-8F2C-7979EDF9C29B} = {F653FC56-6BD2-4EE8-9B75-84041B07274E}
		{EA7B9DE6-5D7C-4C79-975E-6BB0E8C9171D} = {F653FC56-6BD2-4EE8-9B75-84041B07274E}
		{AFABC7D6-E78D-4A60-B82E-A45859113E8A} = {F54FE362-B328-4442-B50D-2B62798E17AD}
		{522E0935-29EF-494C-9400-786AEA12628D} = {213A2FB8-FFF8-4093-8ABD-0E51E51E1BAE}
	EndGlobalSection
	GlobalSection(ExtensibilityGlobals) = postSolution
		SolutionGuid = {D890BD37-8A0B-410E-B90D-090F6CB7FD44}
	EndGlobalSection
EndGlobal
